
Microsoft Visual Studio Solution File, Format Version 12.00
# Visual Studio Version 17
VisualStudioVersion = 17.5.33502.453
MinimumVisualStudioVersion = 10.0.40219.1
Project("{FAE04EC0-301F-11D3-BF4B-00C04F79EFBC}") = "WebApplication1", "WebApplication1\WebApplication1.csproj", "{57770817-CB18-4EF2-9035-B168DBC205ED}"
EndProject
Global
	GlobalSection(SolutionConfigurationPlatforms) = preSolution
		Debug|Any CPU = Debug|Any CPU
		Release|Any CPU = Release|Any CPU
	EndGlobalSection
	GlobalSection(ProjectConfigurationPlatforms) = postSolution
		{57770817-CB18-4EF2-9035-B168DBC205ED}.Debug|Any CPU.ActiveCfg = Debug|Any CPU
		{57770817-CB18-4EF2-9035-B168DBC205ED}.Debug|Any CPU.Build.0 = Debug|Any CPU
		{57770817-CB18-4EF2-9035-B168DBC205ED}.Release|Any CPU.ActiveCfg = Release|Any CPU
		{57770817-CB18-4EF2-9035-B168DBC205ED}.Release|Any CPU.Build.0 = Release|Any CPU
	EndGlobalSection
	GlobalSection(SolutionProperties) = preSolution
		HideSolutionNode = FALSE
	EndGlobalSection
	GlobalSection(ExtensibilityGlobals) = postSolution
		SolutionGuid = {61BBEC27-0177-406F-85E5-D87F15530D9F}
	EndGlobalSection
EndGlobal
